// !$*UTF8*$!
{
	archiveVersion = 1;
	classes = {
	};
	objectVersion = 46;
	objects = {

/* Begin PBXBuildFile section */
		863F38E81E67C7C100CF6D4C /* AppDelegate.swift in Sources */ = {isa = PBXBuildFile; fileRef = 863F38E71E67C7C100CF6D4C /* AppDelegate.swift */; };
		863F38EA1E67C7C100CF6D4C /* ViewController.swift in Sources */ = {isa = PBXBuildFile; fileRef = 863F38E91E67C7C100CF6D4C /* ViewController.swift */; };
		863F38ED1E67C7C100CF6D4C /* Main.storyboard in Resources */ = {isa = PBXBuildFile; fileRef = 863F38EB1E67C7C100CF6D4C /* Main.storyboard */; };
		863F38EF1E67C7C100CF6D4C /* Assets.xcassets in Resources */ = {isa = PBXBuildFile; fileRef = 863F38EE1E67C7C100CF6D4C /* Assets.xcassets */; };
		863F38F21E67C7C100CF6D4C /* LaunchScreen.storyboard in Resources */ = {isa = PBXBuildFile; fileRef = 863F38F01E67C7C100CF6D4C /* LaunchScreen.storyboard */; };
/* End PBXBuildFile section */

/* Begin PBXFileReference section */
		863F38E41E67C7C100CF6D4C /* First project.app */ = {isa = PBXFileReference; explicitFileType = wrapper.application; includeInIndex = 0; path = "First project.app"; sourceTree = BUILT_PRODUCTS_DIR; };
		863F38E71E67C7C100CF6D4C /* AppDelegate.swift */ = {isa = PBXFileReference; lastKnownFileType = sourcecode.swift; path = AppDelegate.swift; sourceTree = "<group>"; };
		863F38E91E67C7C100CF6D4C /* ViewController.swift */ = {isa = PBXFileReference; lastKnownFileType = sourcecode.swift; path = ViewController.swift; sourceTree = "<group>"; };
		863F38EC1E67C7C100CF6D4C /* Base */ = {isa = PBXFileReference; lastKnownFileType = file.storyboard; name = Base; path = Base.lproj/Main.storyboard; sourceTree = "<group>"; };
		863F38EE1E67C7C100CF6D4C /* Assets.xcassets */ = {isa = PBXFileReference; lastKnownFileType = folder.assetcatalog; path = Assets.xcassets; sourceTree = "<group>"; };
		863F38F11E67C7C100CF6D4C /* Base */ = {isa = PBXFileReference; lastKnownFileType = file.storyboard; name = Base; path = Base.lproj/LaunchScreen.storyboard; sourceTree = "<group>"; };
		863F38F31E67C7C100CF6D4C /* Info.plist */ = {isa = PBXFileReference; lastKnownFileType = text.plist.xml; path = Info.plist; sourceTree = "<group>"; };
/* End PBXFileReference section */

/* Begin PBXFrameworksBuildPhase section */
		863F38E11E67C7C100CF6D4C /* Frameworks */ = {
			isa = PBXFrameworksBuildPhase;
			buildActionMask = 2147483647;
			files = (
			);
			runOnlyForDeploymentPostprocessing = 0;
		};
/* End PBXFrameworksBuildPhase section */

/* Begin PBXGroup section */
		863F38DB1E67C7C100CF6D4C = {
			isa = PBXGroup;
			children = (
				863F38E61E67C7C100CF6D4C /* First project */,
				863F38E51E67C7C100CF6D4C /* Products */,
			);
			sourceTree = "<group>";
		};
		863F38E51E67C7C100CF6D4C /* Products */ = {
			isa = PBXGroup;
			children = (
				863F38E41E67C7C100CF6D4C /* First project.app */,
			);
			name = Products;
			sourceTree = "<group>";
		};
		863F38E61E67C7C100CF6D4C /* First project */ = {
			isa = PBXGroup;
			children = (
				863F38E71E67C7C100CF6D4C /* AppDelegate.swift */,
				863F38E91E67C7C100CF6D4C /* ViewController.swift */,
				863F38EB1E67C7C100CF6D4C /* Main.storyboard */,
				863F38EE1E67C7C100CF6D4C /* Assets.xcassets */,
				863F38F01E67C7C100CF6D4C /* LaunchScreen.storyboard */,
				863F38F31E67C7C100CF6D4C /* Info.plist */,
			);
			path = "First project";
			sourceTree = "<group>";
		};
/* End PBXGroup section */

/* Begin PBXNativeTarget section */
		863F38E31E67C7C100CF6D4C /* First project */ = {
			isa = PBXNativeTarget;
			buildConfigurationList = 863F38F61E67C7C100CF6D4C /* Build configuration list for PBXNativeTarget "First project" */;
			buildPhases = (
				863F38E01E67C7C100CF6D4C /* Sources */,
				863F38E11E67C7C100CF6D4C /* Frameworks */,
				863F38E21E67C7C100CF6D4C /* Resources */,
			);
			buildRules = (
			);
			dependencies = (
			);
			name = "First project";
			productName = "First project";
			productReference = 863F38E41E67C7C100CF6D4C /* First project.app */;
			productType = "com.apple.product-type.application";
		};
/* End PBXNativeTarget section */

/* Begin PBXProject section */
		863F38DC1E67C7C100CF6D4C /* Project object */ = {
			isa = PBXProject;
			attributes = {
				LastSwiftUpdateCheck = 0820;
				LastUpgradeCheck = 0820;
				ORGANIZATIONNAME = "Fernando Carlos Boehm de Carvalho";
				TargetAttributes = {
					863F38E31E67C7C100CF6D4C = {
						CreatedOnToolsVersion = 8.2.1;
						ProvisioningStyle = Automatic;
					};
				};
			};
			buildConfigurationList = 863F38DF1E67C7C100CF6D4C /* Build configuration list for PBXProject "First project" */;
			compatibilityVersion = "Xcode 3.2";
			developmentRegion = English;
			hasScannedForEncodings = 0;
			knownRegions = (
				en,
				Base,
			);
			mainGroup = 863F38DB1E67C7C100CF6D4C;
			productRefGroup = 863F38E51E67C7C100CF6D4C /* Products */;
			projectDirPath = "";
			projectRoot = "";
			targets = (
				863F38E31E67C7C100CF6D4C /* First project */,
			);
		};
/* End PBXProject section */

/* Begin PBXResourcesBuildPhase section */
		863F38E21E67C7C100CF6D4C /* Resources */ = {
			isa = PBXResourcesBuildPhase;
			buildActionMask = 2147483647;
			files = (
				863F38F21E67C7C100CF6D4C /* LaunchScreen.storyboard in Resources */,
				863F38EF1E67C7C100CF6D4C /* Assets.xcassets in Resources */,
				863F38ED1E67C7C100CF6D4C /* Main.storyboard in Resources */,
			);
			runOnlyForDeploymentPostprocessing = 0;
		};
/* End PBXResourcesBuildPhase section */

/* Begin PBXSourcesBuildPhase section */
		863F38E01E67C7C100CF6D4C /* Sources */ = {
			isa = PBXSourcesBuildPhase;
			buildActionMask = 2147483647;
			files = (
				863F38EA1E67C7C100CF6D4C /* ViewController.swift in Sources */,
				863F38E81E67C7C100CF6D4C /* AppDelegate.swift in Sources */,
			);
			runOnlyForDeploymentPostprocessing = 0;
		};
/* End PBXSourcesBuildPhase section */

/* Begin PBXVariantGroup section */
		863F38EB1E67C7C100CF6D4C /* Main.storyboard */ = {
			isa = PBXVariantGroup;
			children = (
				863F38EC1E67C7C100CF6D4C /* Base */,
			);
			name = Main.storyboard;
			sourceTree = "<group>";
		};
		863F38F01E67C7C100CF6D4C /* LaunchScreen.storyboard */ = {
			isa = PBXVariantGroup;
			children = (
				863F38F11E67C7C100CF6D4C /* Base */,
			);
			name = LaunchScreen.storyboard;
			sourceTree = "<group>";
		};
/* End PBXVariantGroup section */

/* Begin XCBuildConfiguration section */
		863F38F41E67C7C100CF6D4C /* Debug */ = {
			isa = XCBuildConfiguration;
			buildSettings = {
				ALWAYS_SEARCH_USER_PATHS = NO;
				CLANG_ANALYZER_NONNULL = YES;
				CLANG_CXX_LANGUAGE_STANDARD = "gnu++0x";
				CLANG_CXX_LIBRARY = "libc++";
				CLANG_ENABLE_MODULES = YES;
				CLANG_ENABLE_OBJC_ARC = YES;
				CLANG_WARN_BOOL_CONVERSION = YES;
				CLANG_WARN_CONSTANT_CONVERSION = YES;
				CLANG_WARN_DIRECT_OBJC_ISA_USAGE = YES_ERROR;
				CLANG_WARN_DOCUMENTATION_COMMENTS = YES;
				CLANG_WARN_EMPTY_BODY = YES;
				CLANG_WARN_ENUM_CONVERSION = YES;
				CLANG_WARN_INFINITE_RECURSION = YES;
				CLANG_WARN_INT_CONVERSION = YES;
				CLANG_WARN_OBJC_ROOT_CLASS = YES_ERROR;
				CLANG_WARN_SUSPICIOUS_MOVE = YES;
				CLANG_WARN_UNREACHABLE_CODE = YES;
				CLANG_WARN__DUPLICATE_METHOD_MATCH = YES;
				"CODE_SIGN_IDENTITY[sdk=iphoneos*]" = "iPhone Developer";
				COPY_PHASE_STRIP = NO;
				DEBUG_INFORMATION_FORMAT = dwarf;
				ENABLE_STRICT_OBJC_MSGSEND = YES;
				ENABLE_TESTABILITY = YES;
				GCC_C_LANGUAGE_STANDARD = gnu99;
				GCC_DYNAMIC_NO_PIC = NO;
				GCC_NO_COMMON_BLOCKS = YES;
				GCC_OPTIMIZATION_LEVEL = 0;
				GCC_PREPROCESSOR_DEFINITIONS = (
					"DEBUG=1",
					"$(inherited)",
				);
				GCC_WARN_64_TO_32_BIT_CONVERSION = YES;
				GCC_WARN_ABOUT_RETURN_TYPE = YES_ERROR;
				GCC_WARN_UNDECLARED_SELECTOR = YES;
				GCC_WARN_UNINITIALIZED_AUTOS = YES_AGGRESSIVE;
				GCC_WARN_UNUSED_FUNCTION = YES;
				GCC_WARN_UNUSED_VARIABLE = YES;
				IPHONEOS_DEPLOYMENT_TARGET = 10.2;
				MTL_ENABLE_DEBUG_INFO = YES;
				ONLY_ACTIVE_ARCH = YES;
				SDKROOT = iphoneos;
				SWIFT_ACTIVE_COMPILATION_CONDITIONS = DEBUG;
				SWIFT_OPTIMIZATION_LEVEL = "-Onone";
				TARGETED_DEVICE_FAMILY = "1,2";
			};
			name = Debug;
		};
		863F38F51E67C7C100CF6D4C /* Release */ = {
			isa = XCBuildConfiguration;
			buildSettings = {
				ALWAYS_SEARCH_USER_PATHS = NO;
				CLANG_ANALYZER_NONNULL = YES;
				CLANG_CXX_LANGUAGE_STANDARD = "gnu++0x";
				CLANG_CXX_LIBRARY = "libc++";
				CLANG_ENABLE_MODULES = YES;
				CLANG_ENABLE_OBJC_ARC = YES;
				CLANG_WARN_BOOL_CONVERSION = YES;
				CLANG_WARN_CONSTANT_CONVERSION = YES;
				CLANG_WARN_DIRECT_OBJC_ISA_USAGE = YES_ERROR;
				CLANG_WARN_DOCUMENTATION_COMMENTS = YES;
				CLANG_WARN_EMPTY_BODY = YES;
				CLANG_WARN_ENUM_CONVERSION = YES;
				CLANG_WARN_INFINITE_RECURSION = YES;
				CLANG_WARN_INT_CONVERSION = YES;
				CLANG_WARN_OBJC_ROOT_CLASS = YES_ERROR;
				CLANG_WARN_SUSPICIOUS_MOVE = YES;
				CLANG_WARN_UNREACHABLE_CODE = YES;
				CLANG_WARN__DUPLICATE_METHOD_MATCH = YES;
				"CODE_SIGN_IDENTITY[sdk=iphoneos*]" = "iPhone Developer";
				COPY_PHASE_STRIP = NO;
				DEBUG_INFORMATION_FORMAT = "dwarf-with-dsym";
				ENABLE_NS_ASSERTIONS = NO;
				ENABLE_STRICT_OBJC_MSGSEND = YES;
				GCC_C_LANGUAGE_STANDARD = gnu99;
				GCC_NO_COMMON_BLOCKS = YES;
				GCC_WARN_64_TO_32_BIT_CONVERSION = YES;
				GCC_WARN_ABOUT_RETURN_TYPE = YES_ERROR;
				GCC_WARN_UNDECLARED_SELECTOR = YES;
				GCC_WARN_UNINITIALIZED_AUTOS = YES_AGGRESSIVE;
				GCC_WARN_UNUSED_FUNCTION = YES;
				GCC_WARN_UNUSED_VARIABLE = YES;
				IPHONEOS_DEPLOYMENT_TARGET = 10.2;
				MTL_ENABLE_DEBUG_INFO = NO;
				SDKROOT = iphoneos;
				SWIFT_OPTIMIZATION_LEVEL = "-Owholemodule";
				TARGETED_DEVICE_FAMILY = "1,2";
				VALIDATE_PRODUCT = YES;
			};
			name = Release;
		};
		863F38F71E67C7C100CF6D4C /* Debug */ = {
			isa = XCBuildConfiguration;
			buildSettings = {
				ASSETCATALOG_COMPILER_APPICON_NAME = AppIcon;
				INFOPLIST_FILE = "First project/Info.plist";
				LD_RUNPATH_SEARCH_PATHS = "$(inherited) @executable_path/Frameworks";
				PRODUCT_BUNDLE_IDENTIFIER = "br.com.dfcom.First-project";
				PRODUCT_NAME = "$(TARGET_NAME)";
				SWIFT_VERSION = 3.0;
			};
			name = Debug;
		};
		863F38F81E67C7C100CF6D4C /* Release */ = {
			isa = XCBuildConfiguration;
			buildSettings = {
				ASSETCATALOG_COMPILER_APPICON_NAME = AppIcon;
				INFOPLIST_FILE = "First project/Info.plist";
				LD_RUNPATH_SEARCH_PATHS = "$(inherited) @executable_path/Frameworks";
				PRODUCT_BUNDLE_IDENTIFIER = "br.com.dfcom.First-project";
				PRODUCT_NAME = "$(TARGET_NAME)";
				SWIFT_VERSION = 3.0;
			};
			name = Release;
		};
/* End XCBuildConfiguration section */

/* Begin XCConfigurationList section */
		863F38DF1E67C7C100CF6D4C /* Build configuration list for PBXProject "First project" */ = {
			isa = XCConfigurationList;
			buildConfigurations = (
				863F38F41E67C7C100CF6D4C /* Debug */,
				863F38F51E67C7C100CF6D4C /* Release */,
			);
			defaultConfigurationIsVisible = 0;
			defaultConfigurationName = Release;
		};
		863F38F61E67C7C100CF6D4C /* Build configuration list for PBXNativeTarget "First project" */ = {
			isa = XCConfigurationList;
			buildConfigurations = (
				863F38F71E67C7C100CF6D4C /* Debug */,
				863F38F81E67C7C100CF6D4C /* Release */,
			);
			defaultConfigurationIsVisible = 0;
		};
/* End XCConfigurationList section */
	};
	rootObject = 863F38DC1E67C7C100CF6D4C /* Project object */;
}
